
Microsoft Visual Studio Solution File, Format Version 12.00
# Visual Studio Version 17
VisualStudioVersion = 17.0.32014.148
MinimumVisualStudioVersion = 10.0.40219.1
Project("{FAE04EC0-301F-11D3-BF4B-00C04F79EFBC}") = "MovePicture", "MovePicture\MovePicture.csproj", "{B604B99F-0A76-4426-8091-108D99403E8A}"
EndProject
Global
	GlobalSection(SolutionConfigurationPlatforms) = preSolution
		Debug|Any CPU = Debug|Any CPU
		Release|Any CPU = Release|Any CPU
	EndGlobalSection
	GlobalSection(ProjectConfigurationPlatforms) = postSolution
		{B604B99F-0A76-4426-8091-108D99403E8A}.Debug|Any CPU.ActiveCfg = Debug|Any CPU
		{B604B99F-0A76-4426-8091-108D99403E8A}.Debug|Any CPU.Build.0 = Debug|Any CPU
		{B604B99F-0A76-4426-8091-108D99403E8A}.Release|Any CPU.ActiveCfg = Release|Any CPU
		{B604B99F-0A76-4426-8091-108D99403E8A}.Release|Any CPU.Build.0 = Release|Any CPU
	EndGlobalSection
	GlobalSection(SolutionProperties) = preSolution
		HideSolutionNode = FALSE
	EndGlobalSection
	GlobalSection(ExtensibilityGlobals) = postSolution
		SolutionGuid = {D11EE205-3ECA-4DAC-A4BD-51661350CDFD}
	EndGlobalSection
EndGlobal
